{
  "name": "@vttech/portal-qa",
  "version": "0.1.1",
  "lockfileVersion": 3,
  "requires": true,
  "packages": {
    "": {
      "name": "@vttech/portal-qa",
      "version": "0.1.1",
      "license": "MIT",
      "bin": {
        "qa": "bin/qa.mjs"
      },
      "engines": {
        "node": ">=18.0.0"
      }
    }
  }
}
